
Microsoft Visual Studio Solution File, Format Version 12.00
# Visual Studio Version 17
VisualStudioVersion = 17.3.32901.215
MinimumVisualStudioVersion = 10.0.40219.1
Project("{FAE04EC0-301F-11D3-BF4B-00C04F79EFBC}") = "Checkers_KR-SPO", "Checkers_KR-SPO.csproj", "{EE496502-AFEF-4F51-BC9A-E9F7F05A5DA6}"
EndProject
Global
	GlobalSection(SolutionConfigurationPlatforms) = preSolution
		Debug|Any CPU = Debug|Any CPU
		Release|Any CPU = Release|Any CPU
	EndGlobalSection
	GlobalSection(ProjectConfigurationPlatforms) = postSolution
		{EE496502-AFEF-4F51-BC9A-E9F7F05A5DA6}.Debug|Any CPU.ActiveCfg = Debug|Any CPU
		{EE496502-AFEF-4F51-BC9A-E9F7F05A5DA6}.Debug|Any CPU.Build.0 = Debug|Any CPU
		{EE496502-AFEF-4F51-BC9A-E9F7F05A5DA6}.Release|Any CPU.ActiveCfg = Release|Any CPU
		{EE496502-AFEF-4F51-BC9A-E9F7F05A5DA6}.Release|Any CPU.Build.0 = Release|Any CPU
	EndGlobalSection
	GlobalSection(SolutionProperties) = preSolution
		HideSolutionNode = FALSE
	EndGlobalSection
	GlobalSection(ExtensibilityGlobals) = postSolution
		SolutionGuid = {DDF81402-9A70-4861-8E61-BB52B5805935}
	EndGlobalSection
EndGlobal
